
Microsoft Visual Studio Solution File, Format Version 12.00
# Visual Studio Version 16
VisualStudioVersion = 16.0.31005.135
MinimumVisualStudioVersion = 10.0.40219.1
Project("{9A19103F-16F7-4668-BE54-9A1E7A4F7556}") = "Catalog2", "Catalog2\Catalog2.csproj", "{D2EEEBA6-92EF-4ABE-874B-13CD2022704A}"
EndProject
Project("{9A19103F-16F7-4668-BE54-9A1E7A4F7556}") = "Catalog.Entities", "Catalog.Entities\Catalog.Entities.csproj", "{741AC874-A6BD-428F-A29D-B92ED3A009CF}"
EndProject
Project("{9A19103F-16F7-4668-BE54-9A1E7A4F7556}") = "Catalog.DataAccess", "Catalog.DataAccess\Catalog.DataAccess.csproj", "{090E4E71-9057-4A6D-B49A-D023295F6464}"
EndProject
Project("{9A19103F-16F7-4668-BE54-9A1E7A4F7556}") = "Catalog.Business", "Catalog.Business\Catalog.Business.csproj", "{642E155F-E391-4B79-825B-747BC654FE1C}"
EndProject
Global
	GlobalSection(SolutionConfigurationPlatforms) = preSolution
		Debug|Any CPU = Debug|Any CPU
		Release|Any CPU = Release|Any CPU
	EndGlobalSection
	GlobalSection(ProjectConfigurationPlatforms) = postSolution
		{D2EEEBA6-92EF-4ABE-874B-13CD2022704A}.Debug|Any CPU.ActiveCfg = Debug|Any CPU
		{D2EEEBA6-92EF-4ABE-874B-13CD2022704A}.Debug|Any CPU.Build.0 = Debug|Any CPU
		{D2EEEBA6-92EF-4ABE-874B-13CD2022704A}.Release|Any CPU.ActiveCfg = Release|Any CPU
		{D2EEEBA6-92EF-4ABE-874B-13CD2022704A}.Release|Any CPU.Build.0 = Release|Any CPU
		{741AC874-A6BD-428F-A29D-B92ED3A009CF}.Debug|Any CPU.ActiveCfg = Debug|Any CPU
		{741AC874-A6BD-428F-A29D-B92ED3A009CF}.Debug|Any CPU.Build.0 = Debug|Any CPU
		{741AC874-A6BD-428F-A29D-B92ED3A009CF}.Release|Any CPU.ActiveCfg = Release|Any CPU
		{741AC874-A6BD-428F-A29D-B92ED3A009CF}.Release|Any CPU.Build.0 = Release|Any CPU
		{090E4E71-9057-4A6D-B49A-D023295F6464}.Debug|Any CPU.ActiveCfg = Debug|Any CPU
		{090E4E71-9057-4A6D-B49A-D023295F6464}.Debug|Any CPU.Build.0 = Debug|Any CPU
		{090E4E71-9057-4A6D-B49A-D023295F6464}.Release|Any CPU.ActiveCfg = Release|Any CPU
		{090E4E71-9057-4A6D-B49A-D023295F6464}.Release|Any CPU.Build.0 = Release|Any CPU
		{642E155F-E391-4B79-825B-747BC654FE1C}.Debug|Any CPU.ActiveCfg = Debug|Any CPU
		{642E155F-E391-4B79-825B-747BC654FE1C}.Debug|Any CPU.Build.0 = Debug|Any CPU
		{642E155F-E391-4B79-825B-747BC654FE1C}.Release|Any CPU.ActiveCfg = Release|Any CPU
		{642E155F-E391-4B79-825B-747BC654FE1C}.Release|Any CPU.Build.0 = Release|Any CPU
	EndGlobalSection
	GlobalSection(SolutionProperties) = preSolution
		HideSolutionNode = FALSE
	EndGlobalSection
	GlobalSection(ExtensibilityGlobals) = postSolution
		SolutionGuid = {F0DAC171-31F9-46A4-969B-0424FEB8CF66}
	EndGlobalSection
EndGlobal
